
Microsoft Visual Studio Solution File, Format Version 11.00
# Visual Studio 2010
Project("{2150E333-8FDC-42A3-9474-1A3956D46DE8}") = "Common", "Common", "{BAB85A66-E72D-435E-908A-698A18B60BA5}"
EndProject
Project("{2150E333-8FDC-42A3-9474-1A3956D46DE8}") = "Composite Application Library", "Composite Application Library", "{768285B1-5BDA-489E-8412-B421FD106DEF}"
	ProjectSection(SolutionItems) = preProject
		Composite Application Library\Microsoft.Practices.Composite.dll = Composite Application Library\Microsoft.Practices.Composite.dll
		Composite Application Library\Microsoft.Practices.Composite.Presentation.dll = Composite Application Library\Microsoft.Practices.Composite.Presentation.dll
		Composite Application Library\Microsoft.Practices.Composite.UnityExtensions.dll = Composite Application Library\Microsoft.Practices.Composite.UnityExtensions.dll
		Composite Application Library\Microsoft.Practices.ObjectBuilder2.dll = Composite Application Library\Microsoft.Practices.ObjectBuilder2.dll
		Composite Application Library\Microsoft.Practices.ServiceLocation.dll = Composite Application Library\Microsoft.Practices.ServiceLocation.dll
		Composite Application Library\Microsoft.Practices.Unity.dll = Composite Application Library\Microsoft.Practices.Unity.dll
	EndProjectSection
EndProject
Project("{2150E333-8FDC-42A3-9474-1A3956D46DE8}") = "Modules", "Modules", "{E4293F6A-7C7C-42E8-B935-8D9986DA1E61}"
EndProject
Project("{FAE04EC0-301F-11D3-BF4B-00C04F79EFBC}") = "CompositeWpfApp", "CompositeWpfApp\CompositeWpfApp.csproj", "{F079AE5E-6404-4AA8-81AC-746773A346FC}"
EndProject
Project("{FAE04EC0-301F-11D3-BF4B-00C04F79EFBC}") = "CWA.ResourceLibrary", "Common\CWA.ResourceLibrary\CWA.ResourceLibrary.csproj", "{D19E4865-F7BA-472C-AB28-85A30D7C9133}"
EndProject
Project("{FAE04EC0-301F-11D3-BF4B-00C04F79EFBC}") = "CWA.UIControls", "Common\CWA.UIControls\CWA.UIControls.csproj", "{2D121435-F1D3-44C1-9984-85468CFBBE47}"
EndProject
Project("{FAE04EC0-301F-11D3-BF4B-00C04F79EFBC}") = "CWA.Infrastructure", "Common\CWA.Infrastructure\CWA.Infrastructure.csproj", "{744DC7A7-AF82-4532-B869-B7CCC2797203}"
EndProject
Project("{FAE04EC0-301F-11D3-BF4B-00C04F79EFBC}") = "CWA.Module.DefaultModule", "Modules\CWA.Module.DefaultModule\CWA.Module.DefaultModule.csproj", "{ACDC6730-789B-4CED-B2D3-0CBE48971651}"
EndProject
Project("{FAE04EC0-301F-11D3-BF4B-00C04F79EFBC}") = "CWA.Module.Documents", "Modules\CWA.Module.Documents\CWA.Module.Documents.csproj", "{AAE81B0F-A89A-4618-B2E5-CBCDC6D4196C}"
EndProject
Project("{FAE04EC0-301F-11D3-BF4B-00C04F79EFBC}") = "CWA.Module.ModuleSelector", "Modules\CWA.Module.ModuleSelector\CWA.Module.ModuleSelector.csproj", "{D64E58DE-1948-4095-BDAB-468C966E6B92}"
EndProject
Project("{FAE04EC0-301F-11D3-BF4B-00C04F79EFBC}") = "CWA.Module.ServerSelector", "Modules\CWA.Module.ServerSelector\CWA.Module.ServerSelector.csproj", "{2B4214DA-CC87-4874-A44A-790AEFB6C102}"
EndProject
Project("{FAE04EC0-301F-11D3-BF4B-00C04F79EFBC}") = "CWA.Module.StatusArea", "Modules\CWA.Module.StatusArea\CWA.Module.StatusArea.csproj", "{93CE020E-657A-4871-A747-CF33FF66A8C8}"
EndProject
Project("{FAE04EC0-301F-11D3-BF4B-00C04F79EFBC}") = "CWA.Module.Security", "Modules\CWA.Module.Security\CWA.Module.Security.csproj", "{54EB8B87-EF84-4597-9379-A67DD81B75DB}"
EndProject
Project("{FAE04EC0-301F-11D3-BF4B-00C04F79EFBC}") = "CWA.Module.Users", "Modules\CWA.Module.Users\CWA.Module.Users.csproj", "{6350D5BA-4CAE-4972-9E62-2D6CFBED406F}"
EndProject
Global
	GlobalSection(SolutionConfigurationPlatforms) = preSolution
		Debug|Any CPU = Debug|Any CPU
		Release|Any CPU = Release|Any CPU
	EndGlobalSection
	GlobalSection(ProjectConfigurationPlatforms) = postSolution
		{F079AE5E-6404-4AA8-81AC-746773A346FC}.Debug|Any CPU.ActiveCfg = Debug|Any CPU
		{F079AE5E-6404-4AA8-81AC-746773A346FC}.Debug|Any CPU.Build.0 = Debug|Any CPU
		{F079AE5E-6404-4AA8-81AC-746773A346FC}.Release|Any CPU.ActiveCfg = Release|Any CPU
		{F079AE5E-6404-4AA8-81AC-746773A346FC}.Release|Any CPU.Build.0 = Release|Any CPU
		{D19E4865-F7BA-472C-AB28-85A30D7C9133}.Debug|Any CPU.ActiveCfg = Debug|Any CPU
		{D19E4865-F7BA-472C-AB28-85A30D7C9133}.Debug|Any CPU.Build.0 = Debug|Any CPU
		{D19E4865-F7BA-472C-AB28-85A30D7C9133}.Release|Any CPU.ActiveCfg = Release|Any CPU
		{D19E4865-F7BA-472C-AB28-85A30D7C9133}.Release|Any CPU.Build.0 = Release|Any CPU
		{2D121435-F1D3-44C1-9984-85468CFBBE47}.Debug|Any CPU.ActiveCfg = Debug|Any CPU
		{2D121435-F1D3-44C1-9984-85468CFBBE47}.Debug|Any CPU.Build.0 = Debug|Any CPU
		{2D121435-F1D3-44C1-9984-85468CFBBE47}.Release|Any CPU.ActiveCfg = Release|Any CPU
		{2D121435-F1D3-44C1-9984-85468CFBBE47}.Release|Any CPU.Build.0 = Release|Any CPU
		{744DC7A7-AF82-4532-B869-B7CCC2797203}.Debug|Any CPU.ActiveCfg = Debug|Any CPU
		{744DC7A7-AF82-4532-B869-B7CCC2797203}.Debug|Any CPU.Build.0 = Debug|Any CPU
		{744DC7A7-AF82-4532-B869-B7CCC2797203}.Release|Any CPU.ActiveCfg = Release|Any CPU
		{744DC7A7-AF82-4532-B869-B7CCC2797203}.Release|Any CPU.Build.0 = Release|Any CPU
		{ACDC6730-789B-4CED-B2D3-0CBE48971651}.Debug|Any CPU.ActiveCfg = Debug|Any CPU
		{ACDC6730-789B-4CED-B2D3-0CBE48971651}.Debug|Any CPU.Build.0 = Debug|Any CPU
		{ACDC6730-789B-4CED-B2D3-0CBE48971651}.Release|Any CPU.ActiveCfg = Release|Any CPU
		{ACDC6730-789B-4CED-B2D3-0CBE48971651}.Release|Any CPU.Build.0 = Release|Any CPU
		{AAE81B0F-A89A-4618-B2E5-CBCDC6D4196C}.Debug|Any CPU.ActiveCfg = Debug|Any CPU
		{AAE81B0F-A89A-4618-B2E5-CBCDC6D4196C}.Debug|Any CPU.Build.0 = Debug|Any CPU
		{AAE81B0F-A89A-4618-B2E5-CBCDC6D4196C}.Release|Any CPU.ActiveCfg = Release|Any CPU
		{AAE81B0F-A89A-4618-B2E5-CBCDC6D4196C}.Release|Any CPU.Build.0 = Release|Any CPU
		{D64E58DE-1948-4095-BDAB-468C966E6B92}.Debug|Any CPU.ActiveCfg = Debug|Any CPU
		{D64E58DE-1948-4095-BDAB-468C966E6B92}.Debug|Any CPU.Build.0 = Debug|Any CPU
		{D64E58DE-1948-4095-BDAB-468C966E6B92}.Release|Any CPU.ActiveCfg = Release|Any CPU
		{D64E58DE-1948-4095-BDAB-468C966E6B92}.Release|Any CPU.Build.0 = Release|Any CPU
		{2B4214DA-CC87-4874-A44A-790AEFB6C102}.Debug|Any CPU.ActiveCfg = Debug|Any CPU
		{2B4214DA-CC87-4874-A44A-790AEFB6C102}.Debug|Any CPU.Build.0 = Debug|Any CPU
		{2B4214DA-CC87-4874-A44A-790AEFB6C102}.Release|Any CPU.ActiveCfg = Release|Any CPU
		{2B4214DA-CC87-4874-A44A-790AEFB6C102}.Release|Any CPU.Build.0 = Release|Any CPU
		{93CE020E-657A-4871-A747-CF33FF66A8C8}.Debug|Any CPU.ActiveCfg = Debug|Any CPU
		{93CE020E-657A-4871-A747-CF33FF66A8C8}.Debug|Any CPU.Build.0 = Debug|Any CPU
		{93CE020E-657A-4871-A747-CF33FF66A8C8}.Release|Any CPU.ActiveCfg = Release|Any CPU
		{93CE020E-657A-4871-A747-CF33FF66A8C8}.Release|Any CPU.Build.0 = Release|Any CPU
		{54EB8B87-EF84-4597-9379-A67DD81B75DB}.Debug|Any CPU.ActiveCfg = Debug|Any CPU
		{54EB8B87-EF84-4597-9379-A67DD81B75DB}.Debug|Any CPU.Build.0 = Debug|Any CPU
		{54EB8B87-EF84-4597-9379-A67DD81B75DB}.Release|Any CPU.ActiveCfg = Release|Any CPU
		{54EB8B87-EF84-4597-9379-A67DD81B75DB}.Release|Any CPU.Build.0 = Release|Any CPU
		{6350D5BA-4CAE-4972-9E62-2D6CFBED406F}.Debug|Any CPU.ActiveCfg = Debug|Any CPU
		{6350D5BA-4CAE-4972-9E62-2D6CFBED406F}.Debug|Any CPU.Build.0 = Debug|Any CPU
		{6350D5BA-4CAE-4972-9E62-2D6CFBED406F}.Release|Any CPU.ActiveCfg = Release|Any CPU
		{6350D5BA-4CAE-4972-9E62-2D6CFBED406F}.Release|Any CPU.Build.0 = Release|Any CPU
	EndGlobalSection
	GlobalSection(SolutionProperties) = preSolution
		HideSolutionNode = FALSE
	EndGlobalSection
	GlobalSection(NestedProjects) = preSolution
		{D19E4865-F7BA-472C-AB28-85A30D7C9133} = {BAB85A66-E72D-435E-908A-698A18B60BA5}
		{2D121435-F1D3-44C1-9984-85468CFBBE47} = {BAB85A66-E72D-435E-908A-698A18B60BA5}
		{744DC7A7-AF82-4532-B869-B7CCC2797203} = {BAB85A66-E72D-435E-908A-698A18B60BA5}
		{ACDC6730-789B-4CED-B2D3-0CBE48971651} = {E4293F6A-7C7C-42E8-B935-8D9986DA1E61}
		{AAE81B0F-A89A-4618-B2E5-CBCDC6D4196C} = {E4293F6A-7C7C-42E8-B935-8D9986DA1E61}
		{D64E58DE-1948-4095-BDAB-468C966E6B92} = {E4293F6A-7C7C-42E8-B935-8D9986DA1E61}
		{2B4214DA-CC87-4874-A44A-790AEFB6C102} = {E4293F6A-7C7C-42E8-B935-8D9986DA1E61}
		{93CE020E-657A-4871-A747-CF33FF66A8C8} = {E4293F6A-7C7C-42E8-B935-8D9986DA1E61}
		{54EB8B87-EF84-4597-9379-A67DD81B75DB} = {E4293F6A-7C7C-42E8-B935-8D9986DA1E61}
		{6350D5BA-4CAE-4972-9E62-2D6CFBED406F} = {E4293F6A-7C7C-42E8-B935-8D9986DA1E61}
	EndGlobalSection
EndGlobal
