
Microsoft Visual Studio Solution File, Format Version 11.00
# Visual Studio 2010
Project("{FAE04EC0-301F-11D3-BF4B-00C04F79EFBC}") = "RibbonWindowSample_v35", "RibbonWindowSample\v3.5\RibbonWindowSample_v35.csproj", "{FE7D2F3C-3118-4EBC-8352-650AD07399FF}"
EndProject
Project("{FAE04EC0-301F-11D3-BF4B-00C04F79EFBC}") = "RibbonBrowserSample_v35", "RibbonBrowserSample\v3.5\RibbonBrowserSample_v35.csproj", "{A54FA485-2042-4DFB-A568-BDF0CE0DE230}"
EndProject
Project("{FAE04EC0-301F-11D3-BF4B-00C04F79EFBC}") = "RibbonControlsLibrary_v35", "RibbonControlsLibrary\v3.5\RibbonControlsLibrary_v35.csproj", "{D46E8646-90C1-4436-A953-F1F8A26B01A1}"
EndProject
Global
	GlobalSection(SolutionConfigurationPlatforms) = preSolution
		Debug|Any CPU = Debug|Any CPU
		Release with Code Analysis|Any CPU = Release with Code Analysis|Any CPU
		Release|Any CPU = Release|Any CPU
	EndGlobalSection
	GlobalSection(ProjectConfigurationPlatforms) = postSolution
		{FE7D2F3C-3118-4EBC-8352-650AD07399FF}.Debug|Any CPU.ActiveCfg = Debug|Any CPU
		{FE7D2F3C-3118-4EBC-8352-650AD07399FF}.Debug|Any CPU.Build.0 = Debug|Any CPU
		{FE7D2F3C-3118-4EBC-8352-650AD07399FF}.Release with Code Analysis|Any CPU.ActiveCfg = Release with Code Analysis|Any CPU
		{FE7D2F3C-3118-4EBC-8352-650AD07399FF}.Release with Code Analysis|Any CPU.Build.0 = Release with Code Analysis|Any CPU
		{FE7D2F3C-3118-4EBC-8352-650AD07399FF}.Release|Any CPU.ActiveCfg = Release|Any CPU
		{FE7D2F3C-3118-4EBC-8352-650AD07399FF}.Release|Any CPU.Build.0 = Release|Any CPU
		{A54FA485-2042-4DFB-A568-BDF0CE0DE230}.Debug|Any CPU.ActiveCfg = Debug|Any CPU
		{A54FA485-2042-4DFB-A568-BDF0CE0DE230}.Debug|Any CPU.Build.0 = Debug|Any CPU
		{A54FA485-2042-4DFB-A568-BDF0CE0DE230}.Release with Code Analysis|Any CPU.ActiveCfg = Release with Code Analysis|Any CPU
		{A54FA485-2042-4DFB-A568-BDF0CE0DE230}.Release with Code Analysis|Any CPU.Build.0 = Release with Code Analysis|Any CPU
		{A54FA485-2042-4DFB-A568-BDF0CE0DE230}.Release|Any CPU.ActiveCfg = Release|Any CPU
		{A54FA485-2042-4DFB-A568-BDF0CE0DE230}.Release|Any CPU.Build.0 = Release|Any CPU
		{D46E8646-90C1-4436-A953-F1F8A26B01A1}.Debug|Any CPU.ActiveCfg = Debug|Any CPU
		{D46E8646-90C1-4436-A953-F1F8A26B01A1}.Debug|Any CPU.Build.0 = Debug|Any CPU
		{D46E8646-90C1-4436-A953-F1F8A26B01A1}.Release with Code Analysis|Any CPU.ActiveCfg = Release with Code Analysis|Any CPU
		{D46E8646-90C1-4436-A953-F1F8A26B01A1}.Release with Code Analysis|Any CPU.Build.0 = Release with Code Analysis|Any CPU
		{D46E8646-90C1-4436-A953-F1F8A26B01A1}.Release|Any CPU.ActiveCfg = Release|Any CPU
		{D46E8646-90C1-4436-A953-F1F8A26B01A1}.Release|Any CPU.Build.0 = Release|Any CPU
	EndGlobalSection
	GlobalSection(SolutionProperties) = preSolution
		HideSolutionNode = FALSE
	EndGlobalSection
EndGlobal
